{
  "projects": [
    {
      "projectId": "seaQhLVS4bbjiGvJJrRwyL",
      "version": "15.0.3",
      "dependencies": {},
      "lang": "js",
      "fileLocks": [
        {
          "assetId": "seaQhLVS4bbjiGvJJrRwyL",
          "type": "projectCss",
          "checksum": "ab04a534eab57db4af8073158aed0a64"
        }
      ],
      "codegenVersion": "0.0.1"
    },
    {
      "projectId": "tczukc3QRaUy2S2e1ykNYP",
      "version": "latest",
      "dependencies": {
        "seaQhLVS4bbjiGvJJrRwyL": "15.0.3"
      },
      "lang": "js",
      "fileLocks": [
        {
          "type": "globalVariant",
          "assetId": "Ul3oqjQPMtrtZ",
          "checksum": "0e8f2046fc83fe082b0e9bbd31ff268e"
        },
        {
          "assetId": "tczukc3QRaUy2S2e1ykNYP",
          "type": "projectCss",
          "checksum": "a196b1e566559db6c9be18c12e79438e"
        },
        {
          "type": "renderModule",
          "assetId": "Ekn1vjcRUV1J",
          "checksum": "09a9eecd613349cf2d8f80e76238691c"
        },
        {
          "type": "cssRules",
          "assetId": "Ekn1vjcRUV1J",
          "checksum": "09a9eecd613349cf2d8f80e76238691c"
        },
        {
          "type": "renderModule",
          "assetId": "dPDEhKmGLUtA",
          "checksum": "f5d09e9bcb403fb297993a1f2295b62e"
        },
        {
          "type": "cssRules",
          "assetId": "dPDEhKmGLUtA",
          "checksum": "f5d09e9bcb403fb297993a1f2295b62e"
        },
        {
          "type": "renderModule",
          "assetId": "HfJG6oNJPD_e",
          "checksum": "531efbb559cf7e00f6f871389701d844"
        },
        {
          "type": "cssRules",
          "assetId": "HfJG6oNJPD_e",
          "checksum": "531efbb559cf7e00f6f871389701d844"
        },
        {
          "type": "renderModule",
          "assetId": "HuH8EgcgSbNk",
          "checksum": "0bbe6d5fd72dad40905cd29809ab76e0"
        },
        {
          "type": "cssRules",
          "assetId": "HuH8EgcgSbNk",
          "checksum": "0bbe6d5fd72dad40905cd29809ab76e0"
        },
        {
          "type": "renderModule",
          "assetId": "64-siPhMyGAZ",
          "checksum": "5d5f08033e7eca63740c60f2e4128e57"
        },
        {
          "type": "cssRules",
          "assetId": "64-siPhMyGAZ",
          "checksum": "5d5f08033e7eca63740c60f2e4128e57"
        },
        {
          "type": "renderModule",
          "assetId": "aCU__LPUKL6a",
          "checksum": "9f21e4808665a4dfb1c4c46cb0f43a7f"
        },
        {
          "type": "cssRules",
          "assetId": "aCU__LPUKL6a",
          "checksum": "9f21e4808665a4dfb1c4c46cb0f43a7f"
        },
        {
          "type": "renderModule",
          "assetId": "FNInM56-jFxnp",
          "checksum": "08a610bda43db85b5b292a11c755fb83"
        },
        {
          "type": "cssRules",
          "assetId": "FNInM56-jFxnp",
          "checksum": "08a610bda43db85b5b292a11c755fb83"
        },
        {
          "type": "renderModule",
          "assetId": "Vqf7RXBQXmLD9",
          "checksum": "50aeb067c4a94783723c3b41ff7a2e73"
        },
        {
          "type": "cssRules",
          "assetId": "Vqf7RXBQXmLD9",
          "checksum": "50aeb067c4a94783723c3b41ff7a2e73"
        },
        {
          "type": "renderModule",
          "assetId": "T5A1MGvWTRisE",
          "checksum": "620394a3aa80768547bfcda233592731"
        },
        {
          "type": "cssRules",
          "assetId": "T5A1MGvWTRisE",
          "checksum": "620394a3aa80768547bfcda233592731"
        },
        {
          "type": "renderModule",
          "assetId": "O7lqW3noG_8ng",
          "checksum": "f3ef4dcf17172d97357e31150b229b1a"
        },
        {
          "type": "cssRules",
          "assetId": "O7lqW3noG_8ng",
          "checksum": "f3ef4dcf17172d97357e31150b229b1a"
        },
        {
          "type": "renderModule",
          "assetId": "-2nQvgCQE0Ilh",
          "checksum": "02c27a386a09d829037210f4ca146bd8"
        },
        {
          "type": "cssRules",
          "assetId": "-2nQvgCQE0Ilh",
          "checksum": "02c27a386a09d829037210f4ca146bd8"
        },
        {
          "type": "renderModule",
          "assetId": "Y4nL-XrPTQJu5",
          "checksum": "d801a4526c6d12eb75e7c6d0fe755c6f"
        },
        {
          "type": "cssRules",
          "assetId": "Y4nL-XrPTQJu5",
          "checksum": "d801a4526c6d12eb75e7c6d0fe755c6f"
        },
        {
          "type": "renderModule",
          "assetId": "H-WTdYuo2torg",
          "checksum": "46f3ba123a5c51b1ddbd6567f06d5371"
        },
        {
          "type": "cssRules",
          "assetId": "H-WTdYuo2torg",
          "checksum": "46f3ba123a5c51b1ddbd6567f06d5371"
        },
        {
          "type": "renderModule",
          "assetId": "kvB0_evUc8O7H",
          "checksum": "15f3d5925e5624f27bd67818574a2b23"
        },
        {
          "type": "cssRules",
          "assetId": "kvB0_evUc8O7H",
          "checksum": "15f3d5925e5624f27bd67818574a2b23"
        },
        {
          "type": "renderModule",
          "assetId": "recmZTLggqWV3",
          "checksum": "7fbb2c855b43837cc77723c115fec605"
        },
        {
          "type": "cssRules",
          "assetId": "recmZTLggqWV3",
          "checksum": "7fbb2c855b43837cc77723c115fec605"
        },
        {
          "type": "renderModule",
          "assetId": "bMyck7Xc0NdJR",
          "checksum": "197ad00f7a09c748b3bd5fbc745ef0ad"
        },
        {
          "type": "cssRules",
          "assetId": "bMyck7Xc0NdJR",
          "checksum": "197ad00f7a09c748b3bd5fbc745ef0ad"
        },
        {
          "type": "renderModule",
          "assetId": "_XiCgfuMkfpCC",
          "checksum": "8eb01f64b5b119f36ba4b809e6874daa"
        },
        {
          "type": "cssRules",
          "assetId": "_XiCgfuMkfpCC",
          "checksum": "8eb01f64b5b119f36ba4b809e6874daa"
        },
        {
          "type": "icon",
          "assetId": "jWC8qzTPRVFhN",
          "checksum": "b69890147a36412c3f7bc7357cc2595c"
        },
        {
          "type": "icon",
          "assetId": "0Iuwk1dcQxOwh",
          "checksum": "11a4f8610453bb556e1e5cbfcaac0df7"
        },
        {
          "type": "icon",
          "assetId": "S8uvY8pyrjANY",
          "checksum": "3f6cfee74e6cbc52a00767f3904f666f"
        },
        {
          "type": "icon",
          "assetId": "i8FQWiJCkHi7I",
          "checksum": "273808871e0f9c7920d5837af84c16cc"
        },
        {
          "type": "icon",
          "assetId": "OZ51HDVZDRt50",
          "checksum": "53d05caa3339c13ceba3e42912b63ba7"
        },
        {
          "type": "icon",
          "assetId": "0bmSrOLVZtjaH",
          "checksum": "10011e37d17496cc518c3862463da84a"
        },
        {
          "type": "icon",
          "assetId": "JfLmLYb7hu84g",
          "checksum": "e200460eb99c0ab2351c8032d8114529"
        },
        {
          "type": "icon",
          "assetId": "joOQOXErCuVrb",
          "checksum": "f7ca6c9050efdaaca42f88cc9a331f1b"
        },
        {
          "type": "icon",
          "assetId": "HrhwYbe9BG5Yb",
          "checksum": "53ab6d2be5f165cdf02203a32d27a9c8"
        },
        {
          "type": "icon",
          "assetId": "FewgmqrFw_hi8",
          "checksum": "5a1ee07ad2a88cac7faed8d961152246"
        },
        {
          "type": "icon",
          "assetId": "dlGf9kV0urvzJ",
          "checksum": "1b496f4aaf2cf71dd49563479c9c7998"
        },
        {
          "type": "icon",
          "assetId": "Zz2P4jrMuGtoc",
          "checksum": "a4a626b2ca6dc6a4df7582b71f99b063"
        },
        {
          "type": "icon",
          "assetId": "WanvTF0uuZCBL",
          "checksum": "49c734f052c6ca2c094c5548bc02755d"
        },
        {
          "type": "icon",
          "assetId": "dnflAopkubYhM",
          "checksum": "93d28d73d23600a3d021ea00f99ec9ba"
        },
        {
          "type": "icon",
          "assetId": "Bl29Oqur2ZZ2B",
          "checksum": "55555500494b5b8ff439a0ad9ffc8395"
        },
        {
          "type": "icon",
          "assetId": "_9Sz4uozTT_Tt",
          "checksum": "86b3b1471b45e034b7d4028c53d2ab40"
        },
        {
          "type": "icon",
          "assetId": "XEjHlELEE0_vQ",
          "checksum": "7a11955de7abc2dff3c8ee1a3f081695"
        },
        {
          "type": "icon",
          "assetId": "LOWALOghoPHRm",
          "checksum": "faa5872b80515bdff9cb9bb09b262ed6"
        },
        {
          "type": "icon",
          "assetId": "XnCw1XLaZoo9a",
          "checksum": "e8fce661dd7b3fa3a0bc32caeab348e7"
        },
        {
          "type": "icon",
          "assetId": "Sh2DpcUDByp8_",
          "checksum": "3cae1812de98ce128c29af085440e2b9"
        },
        {
          "type": "icon",
          "assetId": "ObIec5UD-ni4K",
          "checksum": "3a6d84fc61a17430e634defaf8df30ef"
        },
        {
          "type": "icon",
          "assetId": "v3PFH9k8hhkmY",
          "checksum": "a66454a05e9c3fba1b88a74f99cd2a94"
        },
        {
          "type": "image",
          "assetId": "s2miqAXgNfCo5",
          "checksum": "0702905385f37a5b734424ec5320ff6a"
        },
        {
          "type": "image",
          "assetId": "PP3deXfNZEF1C",
          "checksum": "4b681d1b62059d9ddd033603e370f097"
        },
        {
          "type": "image",
          "assetId": "zGFVkUKwfCaKp",
          "checksum": "41db72057899907cb0b0fdf1706eb591"
        },
        {
          "type": "image",
          "assetId": "kpEUQhCd2o9EX",
          "checksum": "5d729815beff5e28b5a4f874e95958d8"
        },
        {
          "type": "image",
          "assetId": "WwaW6as30",
          "checksum": "2c63a42a3f0b0f27f5f897f510c5d356"
        },
        {
          "type": "image",
          "assetId": "Mtszbbifc",
          "checksum": "eabdd91aa1ec7542cb04af97958bd41f"
        }
      ],
      "codegenVersion": "0.0.1"
    }
  ],
  "cliVersion": "0.1.231"
}
