{
  "projects": [
    {
      "projectId": "seaQhLVS4bbjiGvJJrRwyL",
      "version": "15.0.3",
      "dependencies": {},
      "lang": "js",
      "fileLocks": [
        {
          "assetId": "seaQhLVS4bbjiGvJJrRwyL",
          "type": "projectCss",
          "checksum": "ab04a534eab57db4af8073158aed0a64"
        }
      ],
      "codegenVersion": "0.0.1"
    },
    {
      "projectId": "tczukc3QRaUy2S2e1ykNYP",
      "version": "latest",
      "dependencies": {
        "seaQhLVS4bbjiGvJJrRwyL": "15.0.3"
      },
      "lang": "js",
      "fileLocks": [
        {
          "type": "globalVariant",
          "assetId": "Ul3oqjQPMtrtZ",
          "checksum": "0e8f2046fc83fe082b0e9bbd31ff268e"
        },
        {
          "type": "renderModule",
          "assetId": "Ekn1vjcRUV1J",
          "checksum": "56702e040b2f0fa95022f9bcfa2bc72f"
        },
        {
          "type": "cssRules",
          "assetId": "Ekn1vjcRUV1J",
          "checksum": "56702e040b2f0fa95022f9bcfa2bc72f"
        },
        {
          "type": "renderModule",
          "assetId": "dPDEhKmGLUtA",
          "checksum": "61778d474199614dcb6ec85fce5540ad"
        },
        {
          "type": "cssRules",
          "assetId": "dPDEhKmGLUtA",
          "checksum": "61778d474199614dcb6ec85fce5540ad"
        },
        {
          "type": "renderModule",
          "assetId": "HfJG6oNJPD_e",
          "checksum": "d3687d4ede3a7a54c6f01df48092373c"
        },
        {
          "type": "cssRules",
          "assetId": "HfJG6oNJPD_e",
          "checksum": "d3687d4ede3a7a54c6f01df48092373c"
        },
        {
          "type": "renderModule",
          "assetId": "HuH8EgcgSbNk",
          "checksum": "9183b119def0964076222602a0d3acb8"
        },
        {
          "type": "cssRules",
          "assetId": "HuH8EgcgSbNk",
          "checksum": "9183b119def0964076222602a0d3acb8"
        },
        {
          "type": "renderModule",
          "assetId": "64-siPhMyGAZ",
          "checksum": "fd754836164c99a2ada67b06844d4cf1"
        },
        {
          "type": "cssRules",
          "assetId": "64-siPhMyGAZ",
          "checksum": "fd754836164c99a2ada67b06844d4cf1"
        },
        {
          "type": "renderModule",
          "assetId": "aCU__LPUKL6a",
          "checksum": "cb184d69d7af78931ebe6f2cd4ef8b3a"
        },
        {
          "type": "cssRules",
          "assetId": "aCU__LPUKL6a",
          "checksum": "cb184d69d7af78931ebe6f2cd4ef8b3a"
        },
        {
          "type": "renderModule",
          "assetId": "FNInM56-jFxnp",
          "checksum": "fecdf0db359833856f81e0965957b378"
        },
        {
          "type": "cssRules",
          "assetId": "FNInM56-jFxnp",
          "checksum": "fecdf0db359833856f81e0965957b378"
        },
        {
          "type": "renderModule",
          "assetId": "Vqf7RXBQXmLD9",
          "checksum": "4e86fc1faa4c835b867a3aa7a37d10fe"
        },
        {
          "type": "cssRules",
          "assetId": "Vqf7RXBQXmLD9",
          "checksum": "4e86fc1faa4c835b867a3aa7a37d10fe"
        },
        {
          "type": "renderModule",
          "assetId": "T5A1MGvWTRisE",
          "checksum": "296a5d0784a2f012c2fed88e3b1d15d0"
        },
        {
          "type": "cssRules",
          "assetId": "T5A1MGvWTRisE",
          "checksum": "296a5d0784a2f012c2fed88e3b1d15d0"
        },
        {
          "type": "renderModule",
          "assetId": "O7lqW3noG_8ng",
          "checksum": "fb14148f77cc9b2b1674e76bbe9ff6f4"
        },
        {
          "type": "cssRules",
          "assetId": "O7lqW3noG_8ng",
          "checksum": "fb14148f77cc9b2b1674e76bbe9ff6f4"
        },
        {
          "type": "renderModule",
          "assetId": "-2nQvgCQE0Ilh",
          "checksum": "45b13cb6fd19924902558a296784661c"
        },
        {
          "type": "cssRules",
          "assetId": "-2nQvgCQE0Ilh",
          "checksum": "45b13cb6fd19924902558a296784661c"
        },
        {
          "type": "renderModule",
          "assetId": "Y4nL-XrPTQJu5",
          "checksum": "9162d08d1508206640856b6017ab3647"
        },
        {
          "type": "cssRules",
          "assetId": "Y4nL-XrPTQJu5",
          "checksum": "9162d08d1508206640856b6017ab3647"
        },
        {
          "type": "renderModule",
          "assetId": "H-WTdYuo2torg",
          "checksum": "b64fd588199327669cc6021074f439c0"
        },
        {
          "type": "cssRules",
          "assetId": "H-WTdYuo2torg",
          "checksum": "b64fd588199327669cc6021074f439c0"
        },
        {
          "type": "renderModule",
          "assetId": "kvB0_evUc8O7H",
          "checksum": "fae853f9e5e52f24257539a1d793e50a"
        },
        {
          "type": "cssRules",
          "assetId": "kvB0_evUc8O7H",
          "checksum": "fae853f9e5e52f24257539a1d793e50a"
        },
        {
          "type": "renderModule",
          "assetId": "recmZTLggqWV3",
          "checksum": "fc642892831296d54bf82a41d468c750"
        },
        {
          "type": "cssRules",
          "assetId": "recmZTLggqWV3",
          "checksum": "fc642892831296d54bf82a41d468c750"
        },
        {
          "type": "renderModule",
          "assetId": "bMyck7Xc0NdJR",
          "checksum": "eb9d9ec16ef719ed06223dc81eba5019"
        },
        {
          "type": "cssRules",
          "assetId": "bMyck7Xc0NdJR",
          "checksum": "eb9d9ec16ef719ed06223dc81eba5019"
        },
        {
          "type": "renderModule",
          "assetId": "_XiCgfuMkfpCC",
          "checksum": "805e71d59138eb52ca0102c8a75a9cee"
        },
        {
          "type": "cssRules",
          "assetId": "_XiCgfuMkfpCC",
          "checksum": "805e71d59138eb52ca0102c8a75a9cee"
        },
        {
          "type": "icon",
          "assetId": "jWC8qzTPRVFhN",
          "checksum": "b69890147a36412c3f7bc7357cc2595c"
        },
        {
          "type": "icon",
          "assetId": "0Iuwk1dcQxOwh",
          "checksum": "11a4f8610453bb556e1e5cbfcaac0df7"
        },
        {
          "type": "icon",
          "assetId": "S8uvY8pyrjANY",
          "checksum": "3f6cfee74e6cbc52a00767f3904f666f"
        },
        {
          "type": "icon",
          "assetId": "i8FQWiJCkHi7I",
          "checksum": "273808871e0f9c7920d5837af84c16cc"
        },
        {
          "type": "icon",
          "assetId": "OZ51HDVZDRt50",
          "checksum": "53d05caa3339c13ceba3e42912b63ba7"
        },
        {
          "type": "icon",
          "assetId": "0bmSrOLVZtjaH",
          "checksum": "10011e37d17496cc518c3862463da84a"
        },
        {
          "type": "icon",
          "assetId": "JfLmLYb7hu84g",
          "checksum": "e200460eb99c0ab2351c8032d8114529"
        },
        {
          "type": "icon",
          "assetId": "joOQOXErCuVrb",
          "checksum": "f7ca6c9050efdaaca42f88cc9a331f1b"
        },
        {
          "type": "icon",
          "assetId": "HrhwYbe9BG5Yb",
          "checksum": "53ab6d2be5f165cdf02203a32d27a9c8"
        },
        {
          "type": "icon",
          "assetId": "FewgmqrFw_hi8",
          "checksum": "5a1ee07ad2a88cac7faed8d961152246"
        },
        {
          "type": "icon",
          "assetId": "dlGf9kV0urvzJ",
          "checksum": "1b496f4aaf2cf71dd49563479c9c7998"
        },
        {
          "type": "icon",
          "assetId": "Zz2P4jrMuGtoc",
          "checksum": "a4a626b2ca6dc6a4df7582b71f99b063"
        },
        {
          "type": "icon",
          "assetId": "WanvTF0uuZCBL",
          "checksum": "49c734f052c6ca2c094c5548bc02755d"
        },
        {
          "type": "icon",
          "assetId": "dnflAopkubYhM",
          "checksum": "93d28d73d23600a3d021ea00f99ec9ba"
        },
        {
          "type": "icon",
          "assetId": "Bl29Oqur2ZZ2B",
          "checksum": "55555500494b5b8ff439a0ad9ffc8395"
        },
        {
          "type": "icon",
          "assetId": "_9Sz4uozTT_Tt",
          "checksum": "86b3b1471b45e034b7d4028c53d2ab40"
        },
        {
          "type": "icon",
          "assetId": "XEjHlELEE0_vQ",
          "checksum": "7a11955de7abc2dff3c8ee1a3f081695"
        },
        {
          "type": "icon",
          "assetId": "LOWALOghoPHRm",
          "checksum": "faa5872b80515bdff9cb9bb09b262ed6"
        },
        {
          "type": "icon",
          "assetId": "XnCw1XLaZoo9a",
          "checksum": "e8fce661dd7b3fa3a0bc32caeab348e7"
        },
        {
          "type": "icon",
          "assetId": "Sh2DpcUDByp8_",
          "checksum": "3cae1812de98ce128c29af085440e2b9"
        },
        {
          "type": "icon",
          "assetId": "ObIec5UD-ni4K",
          "checksum": "3a6d84fc61a17430e634defaf8df30ef"
        },
        {
          "type": "icon",
          "assetId": "v3PFH9k8hhkmY",
          "checksum": "a66454a05e9c3fba1b88a74f99cd2a94"
        },
        {
          "type": "image",
          "assetId": "s2miqAXgNfCo5",
          "checksum": "0702905385f37a5b734424ec5320ff6a"
        },
        {
          "type": "image",
          "assetId": "PP3deXfNZEF1C",
          "checksum": "4b681d1b62059d9ddd033603e370f097"
        },
        {
          "type": "image",
          "assetId": "zGFVkUKwfCaKp",
          "checksum": "41db72057899907cb0b0fdf1706eb591"
        },
        {
          "type": "image",
          "assetId": "kpEUQhCd2o9EX",
          "checksum": "5d729815beff5e28b5a4f874e95958d8"
        },
        {
          "type": "image",
          "assetId": "WwaW6as30",
          "checksum": "2c63a42a3f0b0f27f5f897f510c5d356"
        },
        {
          "type": "image",
          "assetId": "Mtszbbifc",
          "checksum": "eabdd91aa1ec7542cb04af97958bd41f"
        },
        {
          "assetId": "tczukc3QRaUy2S2e1ykNYP",
          "type": "projectCss",
          "checksum": "a196b1e566559db6c9be18c12e79438e"
        },
        {
          "type": "image",
          "assetId": "MWkdlrkRi",
          "checksum": "9ec2317253136fe4dabb9e8cfcc6f01e"
        }
      ],
      "codegenVersion": "0.0.1"
    }
  ],
  "cliVersion": "0.1.231"
}
